// !$*UTF8*$!
{
	archiveVersion = 1;
	classes = {
	};
	objectVersion = 56;
	objects = {

/* Begin PBXBuildFile section */
		4EE5B3292C8542CB00B956E4 /* SwiftUINetworkApp.swift in Sources */ = {isa = PBXBuildFile; fileRef = 4EE5B3282C8542CB00B956E4 /* SwiftUINetworkApp.swift */; };
		4EE5B32B2C8542CB00B956E4 /* ContentView.swift in Sources */ = {isa = PBXBuildFile; fileRef = 4EE5B32A2C8542CB00B956E4 /* ContentView.swift */; };
		4EE5B32D2C8542CE00B956E4 /* Assets.xcassets in Resources */ = {isa = PBXBuildFile; fileRef = 4EE5B32C2C8542CE00B956E4 /* Assets.xcassets */; };
		4EE5B3302C8542CE00B956E4 /* Preview Assets.xcassets in Resources */ = {isa = PBXBuildFile; fileRef = 4EE5B32F2C8542CE00B956E4 /* Preview Assets.xcassets */; };
		4EE5B3372C85563700B956E4 /* BasicAnimationView.swift in Sources */ = {isa = PBXBuildFile; fileRef = 4EE5B3362C85563700B956E4 /* BasicAnimationView.swift */; };
		4EE5B3412C86995C00B956E4 /* CoinView.swift in Sources */ = {isa = PBXBuildFile; fileRef = 4EE5B3402C86995C00B956E4 /* CoinView.swift */; };
		4EE5B3432C86A89E00B956E4 /* MoneyView.swift in Sources */ = {isa = PBXBuildFile; fileRef = 4EE5B3422C86A89E00B956E4 /* MoneyView.swift */; };
		4EE5B3452C86A8DA00B956E4 /* Money.swift in Sources */ = {isa = PBXBuildFile; fileRef = 4EE5B3442C86A8DA00B956E4 /* Money.swift */; };
		4EE5B3472C86AF2300B956E4 /* UpbitAPI.swift in Sources */ = {isa = PBXBuildFile; fileRef = 4EE5B3462C86AF2300B956E4 /* UpbitAPI.swift */; };
		4EE5B3492C87EEA600B956E4 /* NavigationLazyView.swift in Sources */ = {isa = PBXBuildFile; fileRef = 4EE5B3482C87EEA600B956E4 /* NavigationLazyView.swift */; };
		4EE5B34C2C8892AD00B956E4 /* RandomImageView.swift in Sources */ = {isa = PBXBuildFile; fileRef = 4EE5B34B2C8892AD00B956E4 /* RandomImageView.swift */; };
		4EE5B34E2C88B08400B956E4 /* RandomImageDetailView.swift in Sources */ = {isa = PBXBuildFile; fileRef = 4EE5B34D2C88B08400B956E4 /* RandomImageDetailView.swift */; };
/* End PBXBuildFile section */

/* Begin PBXFileReference section */
		4EE5B3252C8542CB00B956E4 /* SwiftUINetwork.app */ = {isa = PBXFileReference; explicitFileType = wrapper.application; includeInIndex = 0; path = SwiftUINetwork.app; sourceTree = BUILT_PRODUCTS_DIR; };
		4EE5B3282C8542CB00B956E4 /* SwiftUINetworkApp.swift */ = {isa = PBXFileReference; lastKnownFileType = sourcecode.swift; path = SwiftUINetworkApp.swift; sourceTree = "<group>"; };
		4EE5B32A2C8542CB00B956E4 /* ContentView.swift */ = {isa = PBXFileReference; lastKnownFileType = sourcecode.swift; path = ContentView.swift; sourceTree = "<group>"; };
		4EE5B32C2C8542CE00B956E4 /* Assets.xcassets */ = {isa = PBXFileReference; lastKnownFileType = folder.assetcatalog; path = Assets.xcassets; sourceTree = "<group>"; };
		4EE5B32F2C8542CE00B956E4 /* Preview Assets.xcassets */ = {isa = PBXFileReference; lastKnownFileType = folder.assetcatalog; path = "Preview Assets.xcassets"; sourceTree = "<group>"; };
		4EE5B3362C85563700B956E4 /* BasicAnimationView.swift */ = {isa = PBXFileReference; lastKnownFileType = sourcecode.swift; path = BasicAnimationView.swift; sourceTree = "<group>"; };
		4EE5B3402C86995C00B956E4 /* CoinView.swift */ = {isa = PBXFileReference; lastKnownFileType = sourcecode.swift; path = CoinView.swift; sourceTree = "<group>"; };
		4EE5B3422C86A89E00B956E4 /* MoneyView.swift */ = {isa = PBXFileReference; lastKnownFileType = sourcecode.swift; path = MoneyView.swift; sourceTree = "<group>"; };
		4EE5B3442C86A8DA00B956E4 /* Money.swift */ = {isa = PBXFileReference; lastKnownFileType = sourcecode.swift; path = Money.swift; sourceTree = "<group>"; };
		4EE5B3462C86AF2300B956E4 /* UpbitAPI.swift */ = {isa = PBXFileReference; lastKnownFileType = sourcecode.swift; path = UpbitAPI.swift; sourceTree = "<group>"; };
		4EE5B3482C87EEA600B956E4 /* NavigationLazyView.swift */ = {isa = PBXFileReference; lastKnownFileType = sourcecode.swift; path = NavigationLazyView.swift; sourceTree = "<group>"; };
		4EE5B34B2C8892AD00B956E4 /* RandomImageView.swift */ = {isa = PBXFileReference; lastKnownFileType = sourcecode.swift; path = RandomImageView.swift; sourceTree = "<group>"; };
		4EE5B34D2C88B08400B956E4 /* RandomImageDetailView.swift */ = {isa = PBXFileReference; lastKnownFileType = sourcecode.swift; path = RandomImageDetailView.swift; sourceTree = "<group>"; };
/* End PBXFileReference section */

/* Begin PBXFrameworksBuildPhase section */
		4EE5B3222C8542CB00B956E4 /* Frameworks */ = {
			isa = PBXFrameworksBuildPhase;
			buildActionMask = 2147483647;
			files = (
			);
			runOnlyForDeploymentPostprocessing = 0;
		};
/* End PBXFrameworksBuildPhase section */

/* Begin PBXGroup section */
		4EE5B31C2C8542CB00B956E4 = {
			isa = PBXGroup;
			children = (
				4EE5B3272C8542CB00B956E4 /* SwiftUINetwork */,
				4EE5B3262C8542CB00B956E4 /* Products */,
			);
			sourceTree = "<group>";
		};
		4EE5B3262C8542CB00B956E4 /* Products */ = {
			isa = PBXGroup;
			children = (
				4EE5B3252C8542CB00B956E4 /* SwiftUINetwork.app */,
			);
			name = Products;
			sourceTree = "<group>";
		};
		4EE5B3272C8542CB00B956E4 /* SwiftUINetwork */ = {
			isa = PBXGroup;
			children = (
				4EE5B34A2C88929900B956E4 /* Assignment */,
				4EE5B3282C8542CB00B956E4 /* SwiftUINetworkApp.swift */,
				4EE5B32A2C8542CB00B956E4 /* ContentView.swift */,
				4EE5B3362C85563700B956E4 /* BasicAnimationView.swift */,
				4EE5B3402C86995C00B956E4 /* CoinView.swift */,
				4EE5B3482C87EEA600B956E4 /* NavigationLazyView.swift */,
				4EE5B3422C86A89E00B956E4 /* MoneyView.swift */,
				4EE5B3442C86A8DA00B956E4 /* Money.swift */,
				4EE5B3462C86AF2300B956E4 /* UpbitAPI.swift */,
				4EE5B32C2C8542CE00B956E4 /* Assets.xcassets */,
				4EE5B32E2C8542CE00B956E4 /* Preview Content */,
			);
			path = SwiftUINetwork;
			sourceTree = "<group>";
		};
		4EE5B32E2C8542CE00B956E4 /* Preview Content */ = {
			isa = PBXGroup;
			children = (
				4EE5B32F2C8542CE00B956E4 /* Preview Assets.xcassets */,
			);
			path = "Preview Content";
			sourceTree = "<group>";
		};
		4EE5B34A2C88929900B956E4 /* Assignment */ = {
			isa = PBXGroup;
			children = (
				4EE5B34B2C8892AD00B956E4 /* RandomImageView.swift */,
				4EE5B34D2C88B08400B956E4 /* RandomImageDetailView.swift */,
			);
			path = Assignment;
			sourceTree = "<group>";
		};
/* End PBXGroup section */

/* Begin PBXNativeTarget section */
		4EE5B3242C8542CB00B956E4 /* SwiftUINetwork */ = {
			isa = PBXNativeTarget;
			buildConfigurationList = 4EE5B3332C8542CE00B956E4 /* Build configuration list for PBXNativeTarget "SwiftUINetwork" */;
			buildPhases = (
				4EE5B3212C8542CB00B956E4 /* Sources */,
				4EE5B3222C8542CB00B956E4 /* Frameworks */,
				4EE5B3232C8542CB00B956E4 /* Resources */,
			);
			buildRules = (
			);
			dependencies = (
			);
			name = SwiftUINetwork;
			productName = SwiftUINetwork;
			productReference = 4EE5B3252C8542CB00B956E4 /* SwiftUINetwork.app */;
			productType = "com.apple.product-type.application";
		};
/* End PBXNativeTarget section */

/* Begin PBXProject section */
		4EE5B31D2C8542CB00B956E4 /* Project object */ = {
			isa = PBXProject;
			attributes = {
				BuildIndependentTargetsInParallel = 1;
				LastSwiftUpdateCheck = 1540;
				LastUpgradeCheck = 1540;
				TargetAttributes = {
					4EE5B3242C8542CB00B956E4 = {
						CreatedOnToolsVersion = 15.4;
					};
				};
			};
			buildConfigurationList = 4EE5B3202C8542CB00B956E4 /* Build configuration list for PBXProject "SwiftUINetwork" */;
			compatibilityVersion = "Xcode 14.0";
			developmentRegion = en;
			hasScannedForEncodings = 0;
			knownRegions = (
				en,
				Base,
			);
			mainGroup = 4EE5B31C2C8542CB00B956E4;
			productRefGroup = 4EE5B3262C8542CB00B956E4 /* Products */;
			projectDirPath = "";
			projectRoot = "";
			targets = (
				4EE5B3242C8542CB00B956E4 /* SwiftUINetwork */,
			);
		};
/* End PBXProject section */

/* Begin PBXResourcesBuildPhase section */
		4EE5B3232C8542CB00B956E4 /* Resources */ = {
			isa = PBXResourcesBuildPhase;
			buildActionMask = 2147483647;
			files = (
				4EE5B3302C8542CE00B956E4 /* Preview Assets.xcassets in Resources */,
				4EE5B32D2C8542CE00B956E4 /* Assets.xcassets in Resources */,
			);
			runOnlyForDeploymentPostprocessing = 0;
		};
/* End PBXResourcesBuildPhase section */

/* Begin PBXSourcesBuildPhase section */
		4EE5B3212C8542CB00B956E4 /* Sources */ = {
			isa = PBXSourcesBuildPhase;
			buildActionMask = 2147483647;
			files = (
				4EE5B3452C86A8DA00B956E4 /* Money.swift in Sources */,
				4EE5B3432C86A89E00B956E4 /* MoneyView.swift in Sources */,
				4EE5B3492C87EEA600B956E4 /* NavigationLazyView.swift in Sources */,
				4EE5B32B2C8542CB00B956E4 /* ContentView.swift in Sources */,
				4EE5B3412C86995C00B956E4 /* CoinView.swift in Sources */,
				4EE5B3372C85563700B956E4 /* BasicAnimationView.swift in Sources */,
				4EE5B3472C86AF2300B956E4 /* UpbitAPI.swift in Sources */,
				4EE5B3292C8542CB00B956E4 /* SwiftUINetworkApp.swift in Sources */,
				4EE5B34E2C88B08400B956E4 /* RandomImageDetailView.swift in Sources */,
				4EE5B34C2C8892AD00B956E4 /* RandomImageView.swift in Sources */,
			);
			runOnlyForDeploymentPostprocessing = 0;
		};
/* End PBXSourcesBuildPhase section */

/* Begin XCBuildConfiguration section */
		4EE5B3312C8542CE00B956E4 /* Debug */ = {
			isa = XCBuildConfiguration;
			buildSettings = {
				ALWAYS_SEARCH_USER_PATHS = NO;
				ASSETCATALOG_COMPILER_GENERATE_SWIFT_ASSET_SYMBOL_EXTENSIONS = YES;
				CLANG_ANALYZER_NONNULL = YES;
				CLANG_ANALYZER_NUMBER_OBJECT_CONVERSION = YES_AGGRESSIVE;
				CLANG_CXX_LANGUAGE_STANDARD = "gnu++20";
				CLANG_ENABLE_MODULES = YES;
				CLANG_ENABLE_OBJC_ARC = YES;
				CLANG_ENABLE_OBJC_WEAK = YES;
				CLANG_WARN_BLOCK_CAPTURE_AUTORELEASING = YES;
				CLANG_WARN_BOOL_CONVERSION = YES;
				CLANG_WARN_COMMA = YES;
				CLANG_WARN_CONSTANT_CONVERSION = YES;
				CLANG_WARN_DEPRECATED_OBJC_IMPLEMENTATIONS = YES;
				CLANG_WARN_DIRECT_OBJC_ISA_USAGE = YES_ERROR;
				CLANG_WARN_DOCUMENTATION_COMMENTS = YES;
				CLANG_WARN_EMPTY_BODY = YES;
				CLANG_WARN_ENUM_CONVERSION = YES;
				CLANG_WARN_INFINITE_RECURSION = YES;
				CLANG_WARN_INT_CONVERSION = YES;
				CLANG_WARN_NON_LITERAL_NULL_CONVERSION = YES;
				CLANG_WARN_OBJC_IMPLICIT_RETAIN_SELF = YES;
				CLANG_WARN_OBJC_LITERAL_CONVERSION = YES;
				CLANG_WARN_OBJC_ROOT_CLASS = YES_ERROR;
				CLANG_WARN_QUOTED_INCLUDE_IN_FRAMEWORK_HEADER = YES;
				CLANG_WARN_RANGE_LOOP_ANALYSIS = YES;
				CLANG_WARN_STRICT_PROTOTYPES = YES;
				CLANG_WARN_SUSPICIOUS_MOVE = YES;
				CLANG_WARN_UNGUARDED_AVAILABILITY = YES_AGGRESSIVE;
				CLANG_WARN_UNREACHABLE_CODE = YES;
				CLANG_WARN__DUPLICATE_METHOD_MATCH = YES;
				COPY_PHASE_STRIP = NO;
				DEBUG_INFORMATION_FORMAT = dwarf;
				ENABLE_STRICT_OBJC_MSGSEND = YES;
				ENABLE_TESTABILITY = YES;
				ENABLE_USER_SCRIPT_SANDBOXING = YES;
				GCC_C_LANGUAGE_STANDARD = gnu17;
				GCC_DYNAMIC_NO_PIC = NO;
				GCC_NO_COMMON_BLOCKS = YES;
				GCC_OPTIMIZATION_LEVEL = 0;
				GCC_PREPROCESSOR_DEFINITIONS = (
					"DEBUG=1",
					"$(inherited)",
				);
				GCC_WARN_64_TO_32_BIT_CONVERSION = YES;
				GCC_WARN_ABOUT_RETURN_TYPE = YES_ERROR;
				GCC_WARN_UNDECLARED_SELECTOR = YES;
				GCC_WARN_UNINITIALIZED_AUTOS = YES_AGGRESSIVE;
				GCC_WARN_UNUSED_FUNCTION = YES;
				GCC_WARN_UNUSED_VARIABLE = YES;
				IPHONEOS_DEPLOYMENT_TARGET = 17.5;
				LOCALIZATION_PREFERS_STRING_CATALOGS = YES;
				MTL_ENABLE_DEBUG_INFO = INCLUDE_SOURCE;
				MTL_FAST_MATH = YES;
				ONLY_ACTIVE_ARCH = YES;
				SDKROOT = iphoneos;
				SWIFT_ACTIVE_COMPILATION_CONDITIONS = "DEBUG $(inherited)";
				SWIFT_OPTIMIZATION_LEVEL = "-Onone";
			};
			name = Debug;
		};
		4EE5B3322C8542CE00B956E4 /* Release */ = {
			isa = XCBuildConfiguration;
			buildSettings = {
				ALWAYS_SEARCH_USER_PATHS = NO;
				ASSETCATALOG_COMPILER_GENERATE_SWIFT_ASSET_SYMBOL_EXTENSIONS = YES;
				CLANG_ANALYZER_NONNULL = YES;
				CLANG_ANALYZER_NUMBER_OBJECT_CONVERSION = YES_AGGRESSIVE;
				CLANG_CXX_LANGUAGE_STANDARD = "gnu++20";
				CLANG_ENABLE_MODULES = YES;
				CLANG_ENABLE_OBJC_ARC = YES;
				CLANG_ENABLE_OBJC_WEAK = YES;
				CLANG_WARN_BLOCK_CAPTURE_AUTORELEASING = YES;
				CLANG_WARN_BOOL_CONVERSION = YES;
				CLANG_WARN_COMMA = YES;
				CLANG_WARN_CONSTANT_CONVERSION = YES;
				CLANG_WARN_DEPRECATED_OBJC_IMPLEMENTATIONS = YES;
				CLANG_WARN_DIRECT_OBJC_ISA_USAGE = YES_ERROR;
				CLANG_WARN_DOCUMENTATION_COMMENTS = YES;
				CLANG_WARN_EMPTY_BODY = YES;
				CLANG_WARN_ENUM_CONVERSION = YES;
				CLANG_WARN_INFINITE_RECURSION = YES;
				CLANG_WARN_INT_CONVERSION = YES;
				CLANG_WARN_NON_LITERAL_NULL_CONVERSION = YES;
				CLANG_WARN_OBJC_IMPLICIT_RETAIN_SELF = YES;
				CLANG_WARN_OBJC_LITERAL_CONVERSION = YES;
				CLANG_WARN_OBJC_ROOT_CLASS = YES_ERROR;
				CLANG_WARN_QUOTED_INCLUDE_IN_FRAMEWORK_HEADER = YES;
				CLANG_WARN_RANGE_LOOP_ANALYSIS = YES;
				CLANG_WARN_STRICT_PROTOTYPES = YES;
				CLANG_WARN_SUSPICIOUS_MOVE = YES;
				CLANG_WARN_UNGUARDED_AVAILABILITY = YES_AGGRESSIVE;
				CLANG_WARN_UNREACHABLE_CODE = YES;
				CLANG_WARN__DUPLICATE_METHOD_MATCH = YES;
				COPY_PHASE_STRIP = NO;
				DEBUG_INFORMATION_FORMAT = "dwarf-with-dsym";
				ENABLE_NS_ASSERTIONS = NO;
				ENABLE_STRICT_OBJC_MSGSEND = YES;
				ENABLE_USER_SCRIPT_SANDBOXING = YES;
				GCC_C_LANGUAGE_STANDARD = gnu17;
				GCC_NO_COMMON_BLOCKS = YES;
				GCC_WARN_64_TO_32_BIT_CONVERSION = YES;
				GCC_WARN_ABOUT_RETURN_TYPE = YES_ERROR;
				GCC_WARN_UNDECLARED_SELECTOR = YES;
				GCC_WARN_UNINITIALIZED_AUTOS = YES_AGGRESSIVE;
				GCC_WARN_UNUSED_FUNCTION = YES;
				GCC_WARN_UNUSED_VARIABLE = YES;
				IPHONEOS_DEPLOYMENT_TARGET = 17.5;
				LOCALIZATION_PREFERS_STRING_CATALOGS = YES;
				MTL_ENABLE_DEBUG_INFO = NO;
				MTL_FAST_MATH = YES;
				SDKROOT = iphoneos;
				SWIFT_COMPILATION_MODE = wholemodule;
				VALIDATE_PRODUCT = YES;
			};
			name = Release;
		};
		4EE5B3342C8542CE00B956E4 /* Debug */ = {
			isa = XCBuildConfiguration;
			buildSettings = {
				ASSETCATALOG_COMPILER_APPICON_NAME = AppIcon;
				ASSETCATALOG_COMPILER_GLOBAL_ACCENT_COLOR_NAME = AccentColor;
				CODE_SIGN_STYLE = Automatic;
				CURRENT_PROJECT_VERSION = 1;
				DEVELOPMENT_ASSET_PATHS = "\"SwiftUINetwork/Preview Content\"";
				DEVELOPMENT_TEAM = B44YL23J9X;
				ENABLE_PREVIEWS = YES;
				GENERATE_INFOPLIST_FILE = YES;
				INFOPLIST_KEY_UIApplicationSceneManifest_Generation = YES;
				INFOPLIST_KEY_UIApplicationSupportsIndirectInputEvents = YES;
				INFOPLIST_KEY_UILaunchScreen_Generation = YES;
				INFOPLIST_KEY_UISupportedInterfaceOrientations_iPad = "UIInterfaceOrientationPortrait UIInterfaceOrientationPortraitUpsideDown UIInterfaceOrientationLandscapeLeft UIInterfaceOrientationLandscapeRight";
				INFOPLIST_KEY_UISupportedInterfaceOrientations_iPhone = "UIInterfaceOrientationPortrait UIInterfaceOrientationLandscapeLeft UIInterfaceOrientationLandscapeRight";
				LD_RUNPATH_SEARCH_PATHS = (
					"$(inherited)",
					"@executable_path/Frameworks",
				);
				MARKETING_VERSION = 1.0;
				PRODUCT_BUNDLE_IDENTIFIER = com.seosieve.SwiftUINetwork;
				PRODUCT_NAME = "$(TARGET_NAME)";
				SWIFT_EMIT_LOC_STRINGS = YES;
				SWIFT_VERSION = 5.0;
				TARGETED_DEVICE_FAMILY = "1,2";
			};
			name = Debug;
		};
		4EE5B3352C8542CE00B956E4 /* Release */ = {
			isa = XCBuildConfiguration;
			buildSettings = {
				ASSETCATALOG_COMPILER_APPICON_NAME = AppIcon;
				ASSETCATALOG_COMPILER_GLOBAL_ACCENT_COLOR_NAME = AccentColor;
				CODE_SIGN_STYLE = Automatic;
				CURRENT_PROJECT_VERSION = 1;
				DEVELOPMENT_ASSET_PATHS = "\"SwiftUINetwork/Preview Content\"";
				DEVELOPMENT_TEAM = B44YL23J9X;
				ENABLE_PREVIEWS = YES;
				GENERATE_INFOPLIST_FILE = YES;
				INFOPLIST_KEY_UIApplicationSceneManifest_Generation = YES;
				INFOPLIST_KEY_UIApplicationSupportsIndirectInputEvents = YES;
				INFOPLIST_KEY_UILaunchScreen_Generation = YES;
				INFOPLIST_KEY_UISupportedInterfaceOrientations_iPad = "UIInterfaceOrientationPortrait UIInterfaceOrientationPortraitUpsideDown UIInterfaceOrientationLandscapeLeft UIInterfaceOrientationLandscapeRight";
				INFOPLIST_KEY_UISupportedInterfaceOrientations_iPhone = "UIInterfaceOrientationPortrait UIInterfaceOrientationLandscapeLeft UIInterfaceOrientationLandscapeRight";
				LD_RUNPATH_SEARCH_PATHS = (
					"$(inherited)",
					"@executable_path/Frameworks",
				);
				MARKETING_VERSION = 1.0;
				PRODUCT_BUNDLE_IDENTIFIER = com.seosieve.SwiftUINetwork;
				PRODUCT_NAME = "$(TARGET_NAME)";
				SWIFT_EMIT_LOC_STRINGS = YES;
				SWIFT_VERSION = 5.0;
				TARGETED_DEVICE_FAMILY = "1,2";
			};
			name = Release;
		};
/* End XCBuildConfiguration section */

/* Begin XCConfigurationList section */
		4EE5B3202C8542CB00B956E4 /* Build configuration list for PBXProject "SwiftUINetwork" */ = {
			isa = XCConfigurationList;
			buildConfigurations = (
				4EE5B3312C8542CE00B956E4 /* Debug */,
				4EE5B3322C8542CE00B956E4 /* Release */,
			);
			defaultConfigurationIsVisible = 0;
			defaultConfigurationName = Release;
		};
		4EE5B3332C8542CE00B956E4 /* Build configuration list for PBXNativeTarget "SwiftUINetwork" */ = {
			isa = XCConfigurationList;
			buildConfigurations = (
				4EE5B3342C8542CE00B956E4 /* Debug */,
				4EE5B3352C8542CE00B956E4 /* Release */,
			);
			defaultConfigurationIsVisible = 0;
			defaultConfigurationName = Release;
		};
/* End XCConfigurationList section */
	};
	rootObject = 4EE5B31D2C8542CB00B956E4 /* Project object */;
}
